// !$*UTF8*$!
{
	archiveVersion = 1;
	classes = {
	};
	objectVersion = 50;
	objects = {

/* Begin PBXBuildFile section */
		05704475B95E7D35BD53184473FB68A2 /* CanvasView.swift in Sources */ = {isa = PBXBuildFile; fileRef = CDF6E483FBB5955FBD6AAE91C66C8E8D /* CanvasView.swift */; };
		099F6EC139402C90879C0FDF8F9F49D5 /* AppDelegate.swift in Sources */ = {isa = PBXBuildFile; fileRef = 60EE8825F387828E200971BCE0B2DB2B /* AppDelegate.swift */; };
		0C8AC36C3E0531D53C3A574EB28808FE /* UIEdgeInsets+extensions.swift in Sources */ = {isa = PBXBuildFile; fileRef = 6B8408238348AFE00B408D12DF3BB0BD /* UIEdgeInsets+extensions.swift */; };
		152E229403718F2BFB2866381E478392 /* Pods_SuperCanvasView.framework in Frameworks */ = {isa = PBXBuildFile; fileRef = A577A35071FD9836AD9C2904F6B30174 /* Pods_SuperCanvasView.framework */; };
		1DF82FCB877D003BD4FA0B04C19BCDC2 /* UIView+extensions.swift in Sources */ = {isa = PBXBuildFile; fileRef = 4E4D303EB45142B60B74306D0A1B5A4F /* UIView+extensions.swift */; };
		279B0FCABA4AE2445649A643B3E77015 /* MedicalTerm.swift in Sources */ = {isa = PBXBuildFile; fileRef = B18DCA121A2E903656C7988756DAAA19 /* MedicalTerm.swift */; };
		2BD63062F615C0E019CD4908C62C946C /* Line.swift in Sources */ = {isa = PBXBuildFile; fileRef = 5BED7C52289D80A62B95B0C952021488 /* Line.swift */; };
		31C1A4B743788AEC65E535A88C994DB9 /* PDFPage.swift in Sources */ = {isa = PBXBuildFile; fileRef = 8B7EE83444C4A49CA8F4769BF8C1EDCF /* PDFPage.swift */; };
		4070FCC78B80474FA576AE86694BFADA /* ASLayoutSpec+extensions.swift in Sources */ = {isa = PBXBuildFile; fileRef = C62E97A638EC2768DF47355C2CDA5450 /* ASLayoutSpec+extensions.swift */; };
		4338832969589F7AC8D575E76DA7FFE6 /* UIView+Capture.swift in Sources */ = {isa = PBXBuildFile; fileRef = 1ABE977715B0FDAF2433C93C2FC69A82 /* UIView+Capture.swift */; };
		491DF990E5F59DCB537FF1B10E990B44 /* UIFont+extensions.swift in Sources */ = {isa = PBXBuildFile; fileRef = 78DF8F013E344ABB0BD1A098D99200A0 /* UIFont+extensions.swift */; };
		5204D069BD91314633190C1DABAE9729 /* ConsultationPageSection.swift in Sources */ = {isa = PBXBuildFile; fileRef = D07FFA17D9AE8A9555A56A40D706252C /* ConsultationPageSection.swift */; };
		67A469CC49FC75876E22E53FB71C38E2 /* ASHomeViewController.swift in Sources */ = {isa = PBXBuildFile; fileRef = DC29120EC3DE5785E8660B63F0FD3915 /* ASHomeViewController.swift */; };
		7AAEE50E80509DD8C8395D2899586F0D /* MedicalSection.swift in Sources */ = {isa = PBXBuildFile; fileRef = BB2BCC32160D6A5098E3FA2C40D1C18E /* MedicalSection.swift */; };
		87A221675C045CF12DBAD4EFE9440676 /* UIKit+helpers.swift in Sources */ = {isa = PBXBuildFile; fileRef = 3D774621031475AE63AA503F97C0C7EB /* UIKit+helpers.swift */; };
		94E192DA7D5D0DCE2CC82238C1DF7DAF /* UIScrollView+Capture.swift in Sources */ = {isa = PBXBuildFile; fileRef = 451B7D26FD297BBE66F6B0DB9E95E277 /* UIScrollView+Capture.swift */; };
		982CF99D8A0527878DC238F183FF1279 /* Assets.xcassets in Resources */ = {isa = PBXBuildFile; fileRef = 5D4B7B67EB41F821C8C25B23F01FE83C /* Assets.xcassets */; };
		AB8DD4B8CD9DC6A3904B96B683143DE9 /* CellContentNode.swift in Sources */ = {isa = PBXBuildFile; fileRef = F1C501505BE129330799BABAF193E439 /* CellContentNode.swift */; };
		AB90864BE77259AF0654B27216AB6CB6 /* WKWebView+Capture.swift in Sources */ = {isa = PBXBuildFile; fileRef = B7A4B358B214252D8284B41F69BBA33A /* WKWebView+Capture.swift */; };
		AE639C27C5E66689A39C85C0D1A047CE /* UIBezierPath+extensions.swift in Sources */ = {isa = PBXBuildFile; fileRef = 45A514AA0511D8EB536B182E7E307E8B /* UIBezierPath+extensions.swift */; };
		C48226222CDAF9B542076645F718778F /* HomeViewModel.swift in Sources */ = {isa = PBXBuildFile; fileRef = 7C5DB4E931E4D96ECDD82324F6D664FC /* HomeViewModel.swift */; };
		C7827C272517091E2CCAED622F6C810F /* LaunchScreen.storyboard in Resources */ = {isa = PBXBuildFile; fileRef = C318CE3D39793DC76B21BF7A520708D1 /* LaunchScreen.storyboard */; };
		CA3FE5527984B2BD22482B501E49A68F /* ASDisplayNode+extensions.swift in Sources */ = {isa = PBXBuildFile; fileRef = D9E57D95AFC9E892EDA9AF1341C585B9 /* ASDisplayNode+extensions.swift */; };
		D0D7C673A60B921651A67B85F97C738F /* ConsultationRow.swift in Sources */ = {isa = PBXBuildFile; fileRef = BCFBE2251E720056AC847FA603F5C0B8 /* ConsultationRow.swift */; };
		E4D0EBB1497765A4DF138D25E65B191B /* ObservableType+extensions.swift in Sources */ = {isa = PBXBuildFile; fileRef = BBA7081B5127A5C62EE40936F73E3B46 /* ObservableType+extensions.swift */; };
		FCFC864FA86EF209C44F27A91E7B9F8E /* ASMedicalTermCellNode.swift in Sources */ = {isa = PBXBuildFile; fileRef = D3F9AF9D78978A62A892FF45D0E28AEE /* ASMedicalTermCellNode.swift */; };
/* End PBXBuildFile section */

/* Begin PBXFileReference section */
		1ABE977715B0FDAF2433C93C2FC69A82 /* UIView+Capture.swift */ = {isa = PBXFileReference; lastKnownFileType = sourcecode.swift; path = "UIView+Capture.swift"; sourceTree = "<group>"; };
		37355E13581DC354D76B994B28C4EE17 /* Info.plist */ = {isa = PBXFileReference; lastKnownFileType = text.plist.xml; path = Info.plist; sourceTree = "<group>"; };
		3D774621031475AE63AA503F97C0C7EB /* UIKit+helpers.swift */ = {isa = PBXFileReference; lastKnownFileType = sourcecode.swift; path = "UIKit+helpers.swift"; sourceTree = "<group>"; };
		451B7D26FD297BBE66F6B0DB9E95E277 /* UIScrollView+Capture.swift */ = {isa = PBXFileReference; lastKnownFileType = sourcecode.swift; path = "UIScrollView+Capture.swift"; sourceTree = "<group>"; };
		45A514AA0511D8EB536B182E7E307E8B /* UIBezierPath+extensions.swift */ = {isa = PBXFileReference; lastKnownFileType = sourcecode.swift; path = "UIBezierPath+extensions.swift"; sourceTree = "<group>"; };
		4E4D303EB45142B60B74306D0A1B5A4F /* UIView+extensions.swift */ = {isa = PBXFileReference; lastKnownFileType = sourcecode.swift; path = "UIView+extensions.swift"; sourceTree = "<group>"; };
		59260F0DE9961F6ADE255A1DE0CA5488 /* Pods-SuperCanvasView.release.xcconfig */ = {isa = PBXFileReference; includeInIndex = 1; lastKnownFileType = text.xcconfig; name = "Pods-SuperCanvasView.release.xcconfig"; path = "Pods/Target Support Files/Pods-SuperCanvasView/Pods-SuperCanvasView.release.xcconfig"; sourceTree = "<group>"; };
		5BED7C52289D80A62B95B0C952021488 /* Line.swift */ = {isa = PBXFileReference; lastKnownFileType = sourcecode.swift; path = Line.swift; sourceTree = "<group>"; };
		5D4B7B67EB41F821C8C25B23F01FE83C /* Assets.xcassets */ = {isa = PBXFileReference; lastKnownFileType = folder.assetcatalog; path = Assets.xcassets; sourceTree = "<group>"; };
		60EE8825F387828E200971BCE0B2DB2B /* AppDelegate.swift */ = {isa = PBXFileReference; lastKnownFileType = sourcecode.swift; path = AppDelegate.swift; sourceTree = "<group>"; };
		6B8408238348AFE00B408D12DF3BB0BD /* UIEdgeInsets+extensions.swift */ = {isa = PBXFileReference; lastKnownFileType = sourcecode.swift; path = "UIEdgeInsets+extensions.swift"; sourceTree = "<group>"; };
		711F304B985845E6140848240FC26BD2 /* SuperCanvasView.app */ = {isa = PBXFileReference; explicitFileType = wrapper.application; includeInIndex = 0; path = SuperCanvasView.app; sourceTree = BUILT_PRODUCTS_DIR; };
		78DF8F013E344ABB0BD1A098D99200A0 /* UIFont+extensions.swift */ = {isa = PBXFileReference; lastKnownFileType = sourcecode.swift; path = "UIFont+extensions.swift"; sourceTree = "<group>"; };
		79FD0C4BBE37312BD01B24F413C99F8B /* Base */ = {isa = PBXFileReference; lastKnownFileType = file.storyboard; name = Base; path = Base.lproj/LaunchScreen.storyboard; sourceTree = "<group>"; };
		7C5DB4E931E4D96ECDD82324F6D664FC /* HomeViewModel.swift */ = {isa = PBXFileReference; lastKnownFileType = sourcecode.swift; path = HomeViewModel.swift; sourceTree = "<group>"; };
		8B7EE83444C4A49CA8F4769BF8C1EDCF /* PDFPage.swift */ = {isa = PBXFileReference; lastKnownFileType = sourcecode.swift; path = PDFPage.swift; sourceTree = "<group>"; };
		8B881CB9FB04C4D2FE9D0FE0ED63487B /* Pods-SuperCanvasView.debug.xcconfig */ = {isa = PBXFileReference; includeInIndex = 1; lastKnownFileType = text.xcconfig; name = "Pods-SuperCanvasView.debug.xcconfig"; path = "Pods/Target Support Files/Pods-SuperCanvasView/Pods-SuperCanvasView.debug.xcconfig"; sourceTree = "<group>"; };
		A577A35071FD9836AD9C2904F6B30174 /* Pods_SuperCanvasView.framework */ = {isa = PBXFileReference; explicitFileType = wrapper.framework; includeInIndex = 0; path = Pods_SuperCanvasView.framework; sourceTree = BUILT_PRODUCTS_DIR; };
		B18DCA121A2E903656C7988756DAAA19 /* MedicalTerm.swift */ = {isa = PBXFileReference; lastKnownFileType = sourcecode.swift; path = MedicalTerm.swift; sourceTree = "<group>"; };
		B7A4B358B214252D8284B41F69BBA33A /* WKWebView+Capture.swift */ = {isa = PBXFileReference; lastKnownFileType = sourcecode.swift; path = "WKWebView+Capture.swift"; sourceTree = "<group>"; };
		BB2BCC32160D6A5098E3FA2C40D1C18E /* MedicalSection.swift */ = {isa = PBXFileReference; lastKnownFileType = sourcecode.swift; path = MedicalSection.swift; sourceTree = "<group>"; };
		BBA7081B5127A5C62EE40936F73E3B46 /* ObservableType+extensions.swift */ = {isa = PBXFileReference; lastKnownFileType = sourcecode.swift; path = "ObservableType+extensions.swift"; sourceTree = "<group>"; };
		BCFBE2251E720056AC847FA603F5C0B8 /* ConsultationRow.swift */ = {isa = PBXFileReference; lastKnownFileType = sourcecode.swift; path = ConsultationRow.swift; sourceTree = "<group>"; };
		C62E97A638EC2768DF47355C2CDA5450 /* ASLayoutSpec+extensions.swift */ = {isa = PBXFileReference; lastKnownFileType = sourcecode.swift; path = "ASLayoutSpec+extensions.swift"; sourceTree = "<group>"; };
		CDF6E483FBB5955FBD6AAE91C66C8E8D /* CanvasView.swift */ = {isa = PBXFileReference; lastKnownFileType = sourcecode.swift; path = CanvasView.swift; sourceTree = "<group>"; };
		D07FFA17D9AE8A9555A56A40D706252C /* ConsultationPageSection.swift */ = {isa = PBXFileReference; lastKnownFileType = sourcecode.swift; name = ConsultationPageSection.swift; path = SuperCanvasView/Home/Model/ConsultationPageSection.swift; sourceTree = SOURCE_ROOT; };
		D3F9AF9D78978A62A892FF45D0E28AEE /* ASMedicalTermCellNode.swift */ = {isa = PBXFileReference; fileEncoding = 4; lastKnownFileType = sourcecode.swift; name = ASMedicalTermCellNode.swift; path = Cell/ASMedicalTermCellNode.swift; sourceTree = "<group>"; };
		D9E57D95AFC9E892EDA9AF1341C585B9 /* ASDisplayNode+extensions.swift */ = {isa = PBXFileReference; lastKnownFileType = sourcecode.swift; path = "ASDisplayNode+extensions.swift"; sourceTree = "<group>"; };
		DC29120EC3DE5785E8660B63F0FD3915 /* ASHomeViewController.swift */ = {isa = PBXFileReference; lastKnownFileType = sourcecode.swift; path = ASHomeViewController.swift; sourceTree = "<group>"; };
		F1C501505BE129330799BABAF193E439 /* CellContentNode.swift */ = {isa = PBXFileReference; lastKnownFileType = sourcecode.swift; path = CellContentNode.swift; sourceTree = "<group>"; };
/* End PBXFileReference section */

/* Begin PBXFrameworksBuildPhase section */
		8EB700F3B25E1926E00BE6610E12ED76 /* Frameworks */ = {
			isa = PBXFrameworksBuildPhase;
			buildActionMask = 2147483647;
			files = (
				152E229403718F2BFB2866381E478392 /* Pods_SuperCanvasView.framework in Frameworks */,
			);
			runOnlyForDeploymentPostprocessing = 0;
		};
/* End PBXFrameworksBuildPhase section */

/* Begin PBXGroup section */
		02C1C9AB047C26E9FA5AAA49C5040774 /* Frameworks */ = {
			isa = PBXGroup;
			children = (
				A577A35071FD9836AD9C2904F6B30174 /* Pods_SuperCanvasView.framework */,
			);
			name = Frameworks;
			sourceTree = "<group>";
		};
		083B9ECAD5D0D7DCA4557E4710F4514A /* Pods */ = {
			isa = PBXGroup;
			children = (
				8B881CB9FB04C4D2FE9D0FE0ED63487B /* Pods-SuperCanvasView.debug.xcconfig */,
				59260F0DE9961F6ADE255A1DE0CA5488 /* Pods-SuperCanvasView.release.xcconfig */,
			);
			name = Pods;
			sourceTree = "<group>";
		};
		43C5449144A5A8A5BAE72738BB2087B6 /* SuperCanvasView */ = {
			isa = PBXGroup;
			children = (
				7399144138DDFF1F9ECF9496BF218101 /* AsyncDisplayKit+extensions */,
				908FD928C16193BA0C48E12C24745FAE /* CanvasView */,
				44076D21BECF27E50B6374887FEA749E /* Helpers */,
				A49C5AE6949E9CAA4195802E44934E7B /* Home */,
				4F781CA2A475AC0AE32C2E79EBD1114D /* ViewCapture */,
				60EE8825F387828E200971BCE0B2DB2B /* AppDelegate.swift */,
				5D4B7B67EB41F821C8C25B23F01FE83C /* Assets.xcassets */,
				37355E13581DC354D76B994B28C4EE17 /* Info.plist */,
				C318CE3D39793DC76B21BF7A520708D1 /* LaunchScreen.storyboard */,
			);
			path = SuperCanvasView;
			sourceTree = "<group>";
		};
		44076D21BECF27E50B6374887FEA749E /* Helpers */ = {
			isa = PBXGroup;
			children = (
				F1C501505BE129330799BABAF193E439 /* CellContentNode.swift */,
				BBA7081B5127A5C62EE40936F73E3B46 /* ObservableType+extensions.swift */,
				78DF8F013E344ABB0BD1A098D99200A0 /* UIFont+extensions.swift */,
				3D774621031475AE63AA503F97C0C7EB /* UIKit+helpers.swift */,
				4E4D303EB45142B60B74306D0A1B5A4F /* UIView+extensions.swift */,
			);
			path = Helpers;
			sourceTree = "<group>";
		};
		4F781CA2A475AC0AE32C2E79EBD1114D /* ViewCapture */ = {
			isa = PBXGroup;
			children = (
				451B7D26FD297BBE66F6B0DB9E95E277 /* UIScrollView+Capture.swift */,
				1ABE977715B0FDAF2433C93C2FC69A82 /* UIView+Capture.swift */,
				B7A4B358B214252D8284B41F69BBA33A /* WKWebView+Capture.swift */,
			);
			path = ViewCapture;
			sourceTree = "<group>";
		};
		6E24356AEC306AFD2571E28D78A7EDC1 /* ViewModel */ = {
			isa = PBXGroup;
			children = (
				7C5DB4E931E4D96ECDD82324F6D664FC /* HomeViewModel.swift */,
			);
			path = ViewModel;
			sourceTree = "<group>";
		};
		6EE663483F6F27A1439FFBBB5A41C01F /* Products */ = {
			isa = PBXGroup;
			children = (
				711F304B985845E6140848240FC26BD2 /* SuperCanvasView.app */,
			);
			name = Products;
			sourceTree = "<group>";
		};
		7399144138DDFF1F9ECF9496BF218101 /* AsyncDisplayKit+extensions */ = {
			isa = PBXGroup;
			children = (
				D9E57D95AFC9E892EDA9AF1341C585B9 /* ASDisplayNode+extensions.swift */,
				C62E97A638EC2768DF47355C2CDA5450 /* ASLayoutSpec+extensions.swift */,
				6B8408238348AFE00B408D12DF3BB0BD /* UIEdgeInsets+extensions.swift */,
			);
			path = "AsyncDisplayKit+extensions";
			sourceTree = "<group>";
		};
		908FD928C16193BA0C48E12C24745FAE /* CanvasView */ = {
			isa = PBXGroup;
			children = (
				CDF6E483FBB5955FBD6AAE91C66C8E8D /* CanvasView.swift */,
				5BED7C52289D80A62B95B0C952021488 /* Line.swift */,
				8B7EE83444C4A49CA8F4769BF8C1EDCF /* PDFPage.swift */,
				45A514AA0511D8EB536B182E7E307E8B /* UIBezierPath+extensions.swift */,
			);
			path = CanvasView;
			sourceTree = "<group>";
		};
		A49C5AE6949E9CAA4195802E44934E7B /* Home */ = {
			isa = PBXGroup;
			children = (
				F8014D0D9204D04AC63F0A5A24B7D632 /* Model */,
				AC902BE4E4781AB3092346D25201EBE9 /* View */,
				6E24356AEC306AFD2571E28D78A7EDC1 /* ViewModel */,
			);
			path = Home;
			sourceTree = "<group>";
		};
		AC902BE4E4781AB3092346D25201EBE9 /* View */ = {
			isa = PBXGroup;
			children = (
				DC29120EC3DE5785E8660B63F0FD3915 /* ASHomeViewController.swift */,
				D3F9AF9D78978A62A892FF45D0E28AEE /* ASMedicalTermCellNode.swift */,
			);
			path = View;
			sourceTree = "<group>";
		};
		F8014D0D9204D04AC63F0A5A24B7D632 /* Model */ = {
			isa = PBXGroup;
			children = (
				D07FFA17D9AE8A9555A56A40D706252C /* ConsultationPageSection.swift */,
				BCFBE2251E720056AC847FA603F5C0B8 /* ConsultationRow.swift */,
				BB2BCC32160D6A5098E3FA2C40D1C18E /* MedicalSection.swift */,
				B18DCA121A2E903656C7988756DAAA19 /* MedicalTerm.swift */,
			);
			path = Model;
			sourceTree = "<group>";
		};
		FB4D7BEE127FBBBF809D112C7ED40C70 = {
			isa = PBXGroup;
			children = (
				02C1C9AB047C26E9FA5AAA49C5040774 /* Frameworks */,
				083B9ECAD5D0D7DCA4557E4710F4514A /* Pods */,
				6EE663483F6F27A1439FFBBB5A41C01F /* Products */,
				43C5449144A5A8A5BAE72738BB2087B6 /* SuperCanvasView */,
			);
			sourceTree = "<group>";
		};
/* End PBXGroup section */

/* Begin PBXNativeTarget section */
		7BC45D5D73AC1FCF77630F4F201B9BBA /* SuperCanvasView */ = {
			isa = PBXNativeTarget;
			buildConfigurationList = D0109B3DA4D301001D252331208925DF /* Build configuration list for PBXNativeTarget "SuperCanvasView" */;
			buildPhases = (
				B762374E04EEA4A913790E84BFF2BBC4 /* [CP] Check Pods Manifest.lock */,
				BA75A6DEB0A3DD26685022A3CEFB4C48 /* Sources */,
				8EB700F3B25E1926E00BE6610E12ED76 /* Frameworks */,
				E54539B368658AF92E6BA2EDD101046F /* Resources */,
				D558C6838B978BEE2F3F05EDB1C2FD68 /* [CP] Embed Pods Frameworks */,
			);
			buildRules = (
			);
			dependencies = (
			);
			name = SuperCanvasView;
			productName = SuperCanvasView;
			productReference = 711F304B985845E6140848240FC26BD2 /* SuperCanvasView.app */;
			productType = "com.apple.product-type.application";
		};
/* End PBXNativeTarget section */

/* Begin PBXProject section */
		7451C69666F3B49F57040B8BEF9391BC /* Project object */ = {
			isa = PBXProject;
			attributes = {
				LastSwiftUpdateCheck = 0940;
				LastUpgradeCheck = 0940;
				ORGANIZATIONNAME = "Sourav Chandra";
				TargetAttributes = {
					7BC45D5D73AC1FCF77630F4F201B9BBA = {
						CreatedOnToolsVersion = 9.4.1;
					};
				};
			};
			buildConfigurationList = 14D60B532CF86602D53E4809EC5B697E /* Build configuration list for PBXProject "SuperCanvasView" */;
			compatibilityVersion = "Xcode 9.3";
			developmentRegion = en;
			hasScannedForEncodings = 0;
			knownRegions = (
				en,
				Base,
			);
			mainGroup = FB4D7BEE127FBBBF809D112C7ED40C70;
			productRefGroup = 6EE663483F6F27A1439FFBBB5A41C01F /* Products */;
			projectDirPath = "";
			projectRoot = "";
			targets = (
				7BC45D5D73AC1FCF77630F4F201B9BBA /* SuperCanvasView */,
			);
		};
/* End PBXProject section */

/* Begin PBXResourcesBuildPhase section */
		E54539B368658AF92E6BA2EDD101046F /* Resources */ = {
			isa = PBXResourcesBuildPhase;
			buildActionMask = 2147483647;
			files = (
				982CF99D8A0527878DC238F183FF1279 /* Assets.xcassets in Resources */,
				C7827C272517091E2CCAED622F6C810F /* LaunchScreen.storyboard in Resources */,
			);
			runOnlyForDeploymentPostprocessing = 0;
		};
/* End PBXResourcesBuildPhase section */

/* Begin PBXShellScriptBuildPhase section */
		B762374E04EEA4A913790E84BFF2BBC4 /* [CP] Check Pods Manifest.lock */ = {
			isa = PBXShellScriptBuildPhase;
			buildActionMask = 2147483647;
			files = (
			);
			inputPaths = (
				"${PODS_PODFILE_DIR_PATH}/Podfile.lock",
				"${PODS_ROOT}/Manifest.lock",
			);
			name = "[CP] Check Pods Manifest.lock";
			outputPaths = (
				"$(DERIVED_FILE_DIR)/Pods-SuperCanvasView-checkManifestLockResult.txt",
			);
			runOnlyForDeploymentPostprocessing = 0;
			shellPath = /bin/sh;
			shellScript = "diff \"${PODS_PODFILE_DIR_PATH}/Podfile.lock\" \"${PODS_ROOT}/Manifest.lock\" > /dev/null\nif [ $? != 0 ] ; then\n    # print error to STDERR\n    echo \"error: The sandbox is not in sync with the Podfile.lock. Run 'pod install' or update your CocoaPods installation.\" >&2\n    exit 1\nfi\n# This output is used by Xcode 'outputs' to avoid re-running this script phase.\necho \"SUCCESS\" > \"${SCRIPT_OUTPUT_FILE_0}\"\n";
			showEnvVarsInLog = 0;
		};
		D558C6838B978BEE2F3F05EDB1C2FD68 /* [CP] Embed Pods Frameworks */ = {
			isa = PBXShellScriptBuildPhase;
			buildActionMask = 2147483647;
			files = (
			);
			inputPaths = (
				"${SRCROOT}/Pods/Target Support Files/Pods-SuperCanvasView/Pods-SuperCanvasView-frameworks.sh",
				"${BUILT_PRODUCTS_DIR}/Differentiator/Differentiator.framework",
				"${BUILT_PRODUCTS_DIR}/PINCache/PINCache.framework",
				"${BUILT_PRODUCTS_DIR}/PINOperation/PINOperation.framework",
				"${BUILT_PRODUCTS_DIR}/PINRemoteImage/PINRemoteImage.framework",
				"${BUILT_PRODUCTS_DIR}/ReactorKit/ReactorKit.framework",
				"${BUILT_PRODUCTS_DIR}/Reusable/Reusable.framework",
				"${BUILT_PRODUCTS_DIR}/RxASDataSources/RxASDataSources.framework",
				"${BUILT_PRODUCTS_DIR}/RxCocoa/RxCocoa.framework",
				"${BUILT_PRODUCTS_DIR}/RxDataSources/RxDataSources.framework",
				"${BUILT_PRODUCTS_DIR}/RxGesture/RxGesture.framework",
				"${BUILT_PRODUCTS_DIR}/RxSwift/RxSwift.framework",
				"${BUILT_PRODUCTS_DIR}/RxSwiftExt/RxSwiftExt.framework",
				"${BUILT_PRODUCTS_DIR}/RxViewController/RxViewController.framework",
				"${BUILT_PRODUCTS_DIR}/SnapKit/SnapKit.framework",
				"${BUILT_PRODUCTS_DIR}/Texture/AsyncDisplayKit.framework",
				"${BUILT_PRODUCTS_DIR}/Then/Then.framework",
			);
			name = "[CP] Embed Pods Frameworks";
			outputPaths = (
				"${TARGET_BUILD_DIR}/${FRAMEWORKS_FOLDER_PATH}/Differentiator.framework",
				"${TARGET_BUILD_DIR}/${FRAMEWORKS_FOLDER_PATH}/PINCache.framework",
				"${TARGET_BUILD_DIR}/${FRAMEWORKS_FOLDER_PATH}/PINOperation.framework",
				"${TARGET_BUILD_DIR}/${FRAMEWORKS_FOLDER_PATH}/PINRemoteImage.framework",
				"${TARGET_BUILD_DIR}/${FRAMEWORKS_FOLDER_PATH}/ReactorKit.framework",
				"${TARGET_BUILD_DIR}/${FRAMEWORKS_FOLDER_PATH}/Reusable.framework",
				"${TARGET_BUILD_DIR}/${FRAMEWORKS_FOLDER_PATH}/RxASDataSources.framework",
				"${TARGET_BUILD_DIR}/${FRAMEWORKS_FOLDER_PATH}/RxCocoa.framework",
				"${TARGET_BUILD_DIR}/${FRAMEWORKS_FOLDER_PATH}/RxDataSources.framework",
				"${TARGET_BUILD_DIR}/${FRAMEWORKS_FOLDER_PATH}/RxGesture.framework",
				"${TARGET_BUILD_DIR}/${FRAMEWORKS_FOLDER_PATH}/RxSwift.framework",
				"${TARGET_BUILD_DIR}/${FRAMEWORKS_FOLDER_PATH}/RxSwiftExt.framework",
				"${TARGET_BUILD_DIR}/${FRAMEWORKS_FOLDER_PATH}/RxViewController.framework",
				"${TARGET_BUILD_DIR}/${FRAMEWORKS_FOLDER_PATH}/SnapKit.framework",
				"${TARGET_BUILD_DIR}/${FRAMEWORKS_FOLDER_PATH}/AsyncDisplayKit.framework",
				"${TARGET_BUILD_DIR}/${FRAMEWORKS_FOLDER_PATH}/Then.framework",
			);
			runOnlyForDeploymentPostprocessing = 0;
			shellPath = /bin/sh;
			shellScript = "\"${SRCROOT}/Pods/Target Support Files/Pods-SuperCanvasView/Pods-SuperCanvasView-frameworks.sh\"\n";
			showEnvVarsInLog = 0;
		};
/* End PBXShellScriptBuildPhase section */

/* Begin PBXSourcesBuildPhase section */
		BA75A6DEB0A3DD26685022A3CEFB4C48 /* Sources */ = {
			isa = PBXSourcesBuildPhase;
			buildActionMask = 2147483647;
			files = (
				CA3FE5527984B2BD22482B501E49A68F /* ASDisplayNode+extensions.swift in Sources */,
				67A469CC49FC75876E22E53FB71C38E2 /* ASHomeViewController.swift in Sources */,
				4070FCC78B80474FA576AE86694BFADA /* ASLayoutSpec+extensions.swift in Sources */,
				FCFC864FA86EF209C44F27A91E7B9F8E /* ASMedicalTermCellNode.swift in Sources */,
				099F6EC139402C90879C0FDF8F9F49D5 /* AppDelegate.swift in Sources */,
				05704475B95E7D35BD53184473FB68A2 /* CanvasView.swift in Sources */,
				AB8DD4B8CD9DC6A3904B96B683143DE9 /* CellContentNode.swift in Sources */,
				5204D069BD91314633190C1DABAE9729 /* ConsultationPageSection.swift in Sources */,
				D0D7C673A60B921651A67B85F97C738F /* ConsultationRow.swift in Sources */,
				C48226222CDAF9B542076645F718778F /* HomeViewModel.swift in Sources */,
				2BD63062F615C0E019CD4908C62C946C /* Line.swift in Sources */,
				7AAEE50E80509DD8C8395D2899586F0D /* MedicalSection.swift in Sources */,
				279B0FCABA4AE2445649A643B3E77015 /* MedicalTerm.swift in Sources */,
				E4D0EBB1497765A4DF138D25E65B191B /* ObservableType+extensions.swift in Sources */,
				31C1A4B743788AEC65E535A88C994DB9 /* PDFPage.swift in Sources */,
				AE639C27C5E66689A39C85C0D1A047CE /* UIBezierPath+extensions.swift in Sources */,
				0C8AC36C3E0531D53C3A574EB28808FE /* UIEdgeInsets+extensions.swift in Sources */,
				491DF990E5F59DCB537FF1B10E990B44 /* UIFont+extensions.swift in Sources */,
				87A221675C045CF12DBAD4EFE9440676 /* UIKit+helpers.swift in Sources */,
				94E192DA7D5D0DCE2CC82238C1DF7DAF /* UIScrollView+Capture.swift in Sources */,
				4338832969589F7AC8D575E76DA7FFE6 /* UIView+Capture.swift in Sources */,
				1DF82FCB877D003BD4FA0B04C19BCDC2 /* UIView+extensions.swift in Sources */,
				AB90864BE77259AF0654B27216AB6CB6 /* WKWebView+Capture.swift in Sources */,
			);
			runOnlyForDeploymentPostprocessing = 0;
		};
/* End PBXSourcesBuildPhase section */

/* Begin PBXVariantGroup section */
		C318CE3D39793DC76B21BF7A520708D1 /* LaunchScreen.storyboard */ = {
			isa = PBXVariantGroup;
			children = (
				79FD0C4BBE37312BD01B24F413C99F8B /* Base */,
			);
			name = LaunchScreen.storyboard;
			sourceTree = "<group>";
		};
/* End PBXVariantGroup section */

/* Begin XCBuildConfiguration section */
		45EEC62C4F1F3E48AC0D2AC25906D332 /* Debug */ = {
			isa = XCBuildConfiguration;
			baseConfigurationReference = 8B881CB9FB04C4D2FE9D0FE0ED63487B /* Pods-SuperCanvasView.debug.xcconfig */;
			buildSettings = {
				ASSETCATALOG_COMPILER_APPICON_NAME = AppIcon;
				CODE_SIGN_STYLE = Automatic;
				DEVELOPMENT_TEAM = 39X2W7W8G7;
				INFOPLIST_FILE = SuperCanvasView/Info.plist;
				LD_RUNPATH_SEARCH_PATHS = (
					"$(inherited)",
					"@executable_path/Frameworks",
				);
				PRODUCT_BUNDLE_IDENTIFIER = com.doctalk.SuperCanvasView;
				PRODUCT_MODULE_NAME = "$(PRODUCT_NAME:c99extidentifier)";
				PRODUCT_NAME = "$(TARGET_NAME)";
				SWIFT_VERSION = 4.0;
				TARGETED_DEVICE_FAMILY = "1,2";
			};
			name = Debug;
		};
		8EC41810835BE1FAD22A94E351808831 /* Release */ = {
			isa = XCBuildConfiguration;
			buildSettings = {
				ALWAYS_SEARCH_USER_PATHS = NO;
				CLANG_ANALYZER_NONNULL = YES;
				CLANG_ANALYZER_NUMBER_OBJECT_CONVERSION = YES_AGGRESSIVE;
				CLANG_CXX_LANGUAGE_STANDARD = "gnu++14";
				CLANG_CXX_LIBRARY = "libc++";
				CLANG_ENABLE_MODULES = YES;
				CLANG_ENABLE_OBJC_ARC = YES;
				CLANG_ENABLE_OBJC_WEAK = YES;
				CLANG_WARN_BLOCK_CAPTURE_AUTORELEASING = YES;
				CLANG_WARN_BOOL_CONVERSION = YES;
				CLANG_WARN_COMMA = YES;
				CLANG_WARN_CONSTANT_CONVERSION = YES;
				CLANG_WARN_DEPRECATED_OBJC_IMPLEMENTATIONS = YES;
				CLANG_WARN_DIRECT_OBJC_ISA_USAGE = YES_ERROR;
				CLANG_WARN_DOCUMENTATION_COMMENTS = YES;
				CLANG_WARN_EMPTY_BODY = YES;
				CLANG_WARN_ENUM_CONVERSION = YES;
				CLANG_WARN_INFINITE_RECURSION = YES;
				CLANG_WARN_INT_CONVERSION = YES;
				CLANG_WARN_NON_LITERAL_NULL_CONVERSION = YES;
				CLANG_WARN_OBJC_IMPLICIT_RETAIN_SELF = YES;
				CLANG_WARN_OBJC_LITERAL_CONVERSION = YES;
				CLANG_WARN_OBJC_ROOT_CLASS = YES_ERROR;
				CLANG_WARN_RANGE_LOOP_ANALYSIS = YES;
				CLANG_WARN_STRICT_PROTOTYPES = YES;
				CLANG_WARN_SUSPICIOUS_MOVE = YES;
				CLANG_WARN_UNGUARDED_AVAILABILITY = YES_AGGRESSIVE;
				CLANG_WARN_UNREACHABLE_CODE = YES;
				CLANG_WARN__DUPLICATE_METHOD_MATCH = YES;
				CODE_SIGN_IDENTITY = "iPhone Developer";
				COPY_PHASE_STRIP = NO;
				DEBUG_INFORMATION_FORMAT = "dwarf-with-dsym";
				ENABLE_NS_ASSERTIONS = NO;
				ENABLE_STRICT_OBJC_MSGSEND = YES;
				GCC_C_LANGUAGE_STANDARD = gnu11;
				GCC_NO_COMMON_BLOCKS = YES;
				GCC_WARN_64_TO_32_BIT_CONVERSION = YES;
				GCC_WARN_ABOUT_RETURN_TYPE = YES_ERROR;
				GCC_WARN_UNDECLARED_SELECTOR = YES;
				GCC_WARN_UNINITIALIZED_AUTOS = YES_AGGRESSIVE;
				GCC_WARN_UNUSED_FUNCTION = YES;
				GCC_WARN_UNUSED_VARIABLE = YES;
				IPHONEOS_DEPLOYMENT_TARGET = 11.4;
				MTL_ENABLE_DEBUG_INFO = NO;
				SDKROOT = iphoneos;
				SWIFT_COMPILATION_MODE = wholemodule;
				SWIFT_OPTIMIZATION_LEVEL = "-O";
				VALIDATE_PRODUCT = YES;
			};
			name = Release;
		};
		D7B8356B4EE59F477BD704DCC93B4864 /* Debug */ = {
			isa = XCBuildConfiguration;
			buildSettings = {
				ALWAYS_SEARCH_USER_PATHS = NO;
				CLANG_ANALYZER_NONNULL = YES;
				CLANG_ANALYZER_NUMBER_OBJECT_CONVERSION = YES_AGGRESSIVE;
				CLANG_CXX_LANGUAGE_STANDARD = "gnu++14";
				CLANG_CXX_LIBRARY = "libc++";
				CLANG_ENABLE_MODULES = YES;
				CLANG_ENABLE_OBJC_ARC = YES;
				CLANG_ENABLE_OBJC_WEAK = YES;
				CLANG_WARN_BLOCK_CAPTURE_AUTORELEASING = YES;
				CLANG_WARN_BOOL_CONVERSION = YES;
				CLANG_WARN_COMMA = YES;
				CLANG_WARN_CONSTANT_CONVERSION = YES;
				CLANG_WARN_DEPRECATED_OBJC_IMPLEMENTATIONS = YES;
				CLANG_WARN_DIRECT_OBJC_ISA_USAGE = YES_ERROR;
				CLANG_WARN_DOCUMENTATION_COMMENTS = YES;
				CLANG_WARN_EMPTY_BODY = YES;
				CLANG_WARN_ENUM_CONVERSION = YES;
				CLANG_WARN_INFINITE_RECURSION = YES;
				CLANG_WARN_INT_CONVERSION = YES;
				CLANG_WARN_NON_LITERAL_NULL_CONVERSION = YES;
				CLANG_WARN_OBJC_IMPLICIT_RETAIN_SELF = YES;
				CLANG_WARN_OBJC_LITERAL_CONVERSION = YES;
				CLANG_WARN_OBJC_ROOT_CLASS = YES_ERROR;
				CLANG_WARN_RANGE_LOOP_ANALYSIS = YES;
				CLANG_WARN_STRICT_PROTOTYPES = YES;
				CLANG_WARN_SUSPICIOUS_MOVE = YES;
				CLANG_WARN_UNGUARDED_AVAILABILITY = YES_AGGRESSIVE;
				CLANG_WARN_UNREACHABLE_CODE = YES;
				CLANG_WARN__DUPLICATE_METHOD_MATCH = YES;
				CODE_SIGN_IDENTITY = "iPhone Developer";
				COPY_PHASE_STRIP = NO;
				DEBUG_INFORMATION_FORMAT = dwarf;
				ENABLE_STRICT_OBJC_MSGSEND = YES;
				ENABLE_TESTABILITY = YES;
				GCC_C_LANGUAGE_STANDARD = gnu11;
				GCC_DYNAMIC_NO_PIC = NO;
				GCC_NO_COMMON_BLOCKS = YES;
				GCC_OPTIMIZATION_LEVEL = 0;
				GCC_PREPROCESSOR_DEFINITIONS = (
					"DEBUG=1",
					"$(inherited)",
				);
				GCC_WARN_64_TO_32_BIT_CONVERSION = YES;
				GCC_WARN_ABOUT_RETURN_TYPE = YES_ERROR;
				GCC_WARN_UNDECLARED_SELECTOR = YES;
				GCC_WARN_UNINITIALIZED_AUTOS = YES_AGGRESSIVE;
				GCC_WARN_UNUSED_FUNCTION = YES;
				GCC_WARN_UNUSED_VARIABLE = YES;
				IPHONEOS_DEPLOYMENT_TARGET = 11.4;
				MTL_ENABLE_DEBUG_INFO = YES;
				ONLY_ACTIVE_ARCH = YES;
				SDKROOT = iphoneos;
				SWIFT_ACTIVE_COMPILATION_CONDITIONS = DEBUG;
				SWIFT_OPTIMIZATION_LEVEL = "-Onone";
			};
			name = Debug;
		};
		E977C4BC5CBD5A0C3C970183E4D30748 /* Release */ = {
			isa = XCBuildConfiguration;
			baseConfigurationReference = 59260F0DE9961F6ADE255A1DE0CA5488 /* Pods-SuperCanvasView.release.xcconfig */;
			buildSettings = {
				ASSETCATALOG_COMPILER_APPICON_NAME = AppIcon;
				CODE_SIGN_STYLE = Automatic;
				DEVELOPMENT_TEAM = 39X2W7W8G7;
				INFOPLIST_FILE = SuperCanvasView/Info.plist;
				LD_RUNPATH_SEARCH_PATHS = (
					"$(inherited)",
					"@executable_path/Frameworks",
				);
				PRODUCT_BUNDLE_IDENTIFIER = com.doctalk.SuperCanvasView;
				PRODUCT_MODULE_NAME = "$(PRODUCT_NAME:c99extidentifier)";
				PRODUCT_NAME = "$(TARGET_NAME)";
				SWIFT_VERSION = 4.0;
				TARGETED_DEVICE_FAMILY = "1,2";
			};
			name = Release;
		};
/* End XCBuildConfiguration section */

/* Begin XCConfigurationList section */
		14D60B532CF86602D53E4809EC5B697E /* Build configuration list for PBXProject "SuperCanvasView" */ = {
			isa = XCConfigurationList;
			buildConfigurations = (
				D7B8356B4EE59F477BD704DCC93B4864 /* Debug */,
				8EC41810835BE1FAD22A94E351808831 /* Release */,
			);
			defaultConfigurationIsVisible = 0;
			defaultConfigurationName = Release;
		};
		D0109B3DA4D301001D252331208925DF /* Build configuration list for PBXNativeTarget "SuperCanvasView" */ = {
			isa = XCConfigurationList;
			buildConfigurations = (
				45EEC62C4F1F3E48AC0D2AC25906D332 /* Debug */,
				E977C4BC5CBD5A0C3C970183E4D30748 /* Release */,
			);
			defaultConfigurationIsVisible = 0;
			defaultConfigurationName = Release;
		};
/* End XCConfigurationList section */
	};
	rootObject = 7451C69666F3B49F57040B8BEF9391BC /* Project object */;
}
