// !$*UTF8*$!
{
	archiveVersion = 1;
	classes = {
	};
	objectVersion = 50;
	objects = {

/* Begin PBXBuildFile section */
		7DC203FA2164C4C6007D93B7 /* AppDelegate.swift in Sources */ = {isa = PBXBuildFile; fileRef = 7DC203F92164C4C6007D93B7 /* AppDelegate.swift */; };
		7DC204012164C4C8007D93B7 /* Assets.xcassets in Resources */ = {isa = PBXBuildFile; fileRef = 7DC204002164C4C8007D93B7 /* Assets.xcassets */; };
		7DC204042164C4C8007D93B7 /* LaunchScreen.storyboard in Resources */ = {isa = PBXBuildFile; fileRef = 7DC204022164C4C8007D93B7 /* LaunchScreen.storyboard */; };
		7DC2040C2164C4E8007D93B7 /* HomeViewController.swift in Sources */ = {isa = PBXBuildFile; fileRef = 7DC2040B2164C4E8007D93B7 /* HomeViewController.swift */; };
		7DC2040F2164C570007D93B7 /* CanvasView.swift in Sources */ = {isa = PBXBuildFile; fileRef = 7DC2040E2164C570007D93B7 /* CanvasView.swift */; };
		7DC204112164C5A0007D93B7 /* Line.swift in Sources */ = {isa = PBXBuildFile; fileRef = 7DC204102164C5A0007D93B7 /* Line.swift */; };
		7DC204132164C671007D93B7 /* UIBezierPath+extensions.swift in Sources */ = {isa = PBXBuildFile; fileRef = 7DC204122164C671007D93B7 /* UIBezierPath+extensions.swift */; };
		7DC204172164D0B4007D93B7 /* CanvasCell.swift in Sources */ = {isa = PBXBuildFile; fileRef = 7DC204162164D0B4007D93B7 /* CanvasCell.swift */; };
		7DFEBCFF216A2643000DB559 /* ASHomeViewController.swift in Sources */ = {isa = PBXBuildFile; fileRef = 7DFEBCFE216A2643000DB559 /* ASHomeViewController.swift */; };
		7DFEBD01216A28F7000DB559 /* ASMedicalTermCellNode.swift in Sources */ = {isa = PBXBuildFile; fileRef = 7DFEBD00216A28F7000DB559 /* ASMedicalTermCellNode.swift */; };
		E12C7DF811C83565F03590AF /* Pods_SuperCanvasView.framework in Frameworks */ = {isa = PBXBuildFile; fileRef = 616E2B50C7A3D46F97B4272D /* Pods_SuperCanvasView.framework */; };
		FF1A4DDF216666F4003F8BBD /* PDFPage.swift in Sources */ = {isa = PBXBuildFile; fileRef = FF1A4DDE216666F4003F8BBD /* PDFPage.swift */; };
		FF1A4DE12168821B003F8BBD /* HomeViewModel.swift in Sources */ = {isa = PBXBuildFile; fileRef = FF1A4DE02168821B003F8BBD /* HomeViewModel.swift */; };
		FF1A4DE321688373003F8BBD /* ConsultationPageSection.swift in Sources */ = {isa = PBXBuildFile; fileRef = FF1A4DE221688373003F8BBD /* ConsultationPageSection.swift */; };
		FF1A4DEE2168B04E003F8BBD /* MedicalTermRowCell.swift in Sources */ = {isa = PBXBuildFile; fileRef = FF1A4DED2168B04E003F8BBD /* MedicalTermRowCell.swift */; };
		FF1A4DF02168CA37003F8BBD /* ConsultationRow.swift in Sources */ = {isa = PBXBuildFile; fileRef = FF1A4DEF2168CA37003F8BBD /* ConsultationRow.swift */; };
		FF1A4DF22168CA47003F8BBD /* MedicalSection.swift in Sources */ = {isa = PBXBuildFile; fileRef = FF1A4DF12168CA47003F8BBD /* MedicalSection.swift */; };
		FF53851F216659F4000D840C /* UIScrollView+Capture.swift in Sources */ = {isa = PBXBuildFile; fileRef = FF53851E216659F4000D840C /* UIScrollView+Capture.swift */; };
		FF53852121665A1F000D840C /* UIView+Capture.swift in Sources */ = {isa = PBXBuildFile; fileRef = FF53852021665A1F000D840C /* UIView+Capture.swift */; };
		FF53852321665A3E000D840C /* WKWebView+Capture.swift in Sources */ = {isa = PBXBuildFile; fileRef = FF53852221665A3E000D840C /* WKWebView+Capture.swift */; };
/* End PBXBuildFile section */

/* Begin PBXFileReference section */
		5D0A1C39A2E4617ADDD11B16 /* Pods-SuperCanvasView.debug.xcconfig */ = {isa = PBXFileReference; includeInIndex = 1; lastKnownFileType = text.xcconfig; name = "Pods-SuperCanvasView.debug.xcconfig"; path = "Pods/Target Support Files/Pods-SuperCanvasView/Pods-SuperCanvasView.debug.xcconfig"; sourceTree = "<group>"; };
		616E2B50C7A3D46F97B4272D /* Pods_SuperCanvasView.framework */ = {isa = PBXFileReference; explicitFileType = wrapper.framework; includeInIndex = 0; path = Pods_SuperCanvasView.framework; sourceTree = BUILT_PRODUCTS_DIR; };
		6ECE9AAC46BC542E347C69DA /* Pods-SuperCanvasView.release.xcconfig */ = {isa = PBXFileReference; includeInIndex = 1; lastKnownFileType = text.xcconfig; name = "Pods-SuperCanvasView.release.xcconfig"; path = "Pods/Target Support Files/Pods-SuperCanvasView/Pods-SuperCanvasView.release.xcconfig"; sourceTree = "<group>"; };
		7DC203F62164C4C6007D93B7 /* SuperCanvasView.app */ = {isa = PBXFileReference; explicitFileType = wrapper.application; includeInIndex = 0; path = SuperCanvasView.app; sourceTree = BUILT_PRODUCTS_DIR; };
		7DC203F92164C4C6007D93B7 /* AppDelegate.swift */ = {isa = PBXFileReference; lastKnownFileType = sourcecode.swift; path = AppDelegate.swift; sourceTree = "<group>"; };
		7DC204002164C4C8007D93B7 /* Assets.xcassets */ = {isa = PBXFileReference; lastKnownFileType = folder.assetcatalog; path = Assets.xcassets; sourceTree = "<group>"; };
		7DC204032164C4C8007D93B7 /* Base */ = {isa = PBXFileReference; lastKnownFileType = file.storyboard; name = Base; path = Base.lproj/LaunchScreen.storyboard; sourceTree = "<group>"; };
		7DC204052164C4C8007D93B7 /* Info.plist */ = {isa = PBXFileReference; lastKnownFileType = text.plist.xml; path = Info.plist; sourceTree = "<group>"; };
		7DC2040B2164C4E8007D93B7 /* HomeViewController.swift */ = {isa = PBXFileReference; lastKnownFileType = sourcecode.swift; path = HomeViewController.swift; sourceTree = "<group>"; };
		7DC2040E2164C570007D93B7 /* CanvasView.swift */ = {isa = PBXFileReference; lastKnownFileType = sourcecode.swift; path = CanvasView.swift; sourceTree = "<group>"; };
		7DC204102164C5A0007D93B7 /* Line.swift */ = {isa = PBXFileReference; lastKnownFileType = sourcecode.swift; path = Line.swift; sourceTree = "<group>"; };
		7DC204122164C671007D93B7 /* UIBezierPath+extensions.swift */ = {isa = PBXFileReference; lastKnownFileType = sourcecode.swift; path = "UIBezierPath+extensions.swift"; sourceTree = "<group>"; };
		7DC204162164D0B4007D93B7 /* CanvasCell.swift */ = {isa = PBXFileReference; lastKnownFileType = sourcecode.swift; path = CanvasCell.swift; sourceTree = "<group>"; };
		7DFEBCFE216A2643000DB559 /* ASHomeViewController.swift */ = {isa = PBXFileReference; lastKnownFileType = sourcecode.swift; path = ASHomeViewController.swift; sourceTree = "<group>"; };
		7DFEBD00216A28F7000DB559 /* ASMedicalTermCellNode.swift */ = {isa = PBXFileReference; lastKnownFileType = sourcecode.swift; path = ASMedicalTermCellNode.swift; sourceTree = "<group>"; };
		FF1A4DDE216666F4003F8BBD /* PDFPage.swift */ = {isa = PBXFileReference; lastKnownFileType = sourcecode.swift; path = PDFPage.swift; sourceTree = "<group>"; };
		FF1A4DE02168821B003F8BBD /* HomeViewModel.swift */ = {isa = PBXFileReference; lastKnownFileType = sourcecode.swift; path = HomeViewModel.swift; sourceTree = "<group>"; };
		FF1A4DE221688373003F8BBD /* ConsultationPageSection.swift */ = {isa = PBXFileReference; lastKnownFileType = sourcecode.swift; name = ConsultationPageSection.swift; path = SuperCanvasView/Home/Model/ConsultationPageSection.swift; sourceTree = SOURCE_ROOT; };
		FF1A4DED2168B04E003F8BBD /* MedicalTermRowCell.swift */ = {isa = PBXFileReference; lastKnownFileType = sourcecode.swift; path = MedicalTermRowCell.swift; sourceTree = "<group>"; };
		FF1A4DEF2168CA37003F8BBD /* ConsultationRow.swift */ = {isa = PBXFileReference; lastKnownFileType = sourcecode.swift; path = ConsultationRow.swift; sourceTree = "<group>"; };
		FF1A4DF12168CA47003F8BBD /* MedicalSection.swift */ = {isa = PBXFileReference; lastKnownFileType = sourcecode.swift; path = MedicalSection.swift; sourceTree = "<group>"; };
		FF53851E216659F4000D840C /* UIScrollView+Capture.swift */ = {isa = PBXFileReference; lastKnownFileType = sourcecode.swift; path = "UIScrollView+Capture.swift"; sourceTree = "<group>"; };
		FF53852021665A1F000D840C /* UIView+Capture.swift */ = {isa = PBXFileReference; lastKnownFileType = sourcecode.swift; path = "UIView+Capture.swift"; sourceTree = "<group>"; };
		FF53852221665A3E000D840C /* WKWebView+Capture.swift */ = {isa = PBXFileReference; lastKnownFileType = sourcecode.swift; path = "WKWebView+Capture.swift"; sourceTree = "<group>"; };
/* End PBXFileReference section */

/* Begin PBXFrameworksBuildPhase section */
		7DC203F32164C4C6007D93B7 /* Frameworks */ = {
			isa = PBXFrameworksBuildPhase;
			buildActionMask = 2147483647;
			files = (
				E12C7DF811C83565F03590AF /* Pods_SuperCanvasView.framework in Frameworks */,
			);
			runOnlyForDeploymentPostprocessing = 0;
		};
/* End PBXFrameworksBuildPhase section */

/* Begin PBXGroup section */
		09208EC5813ECF2965829838 /* Frameworks */ = {
			isa = PBXGroup;
			children = (
				616E2B50C7A3D46F97B4272D /* Pods_SuperCanvasView.framework */,
			);
			name = Frameworks;
			sourceTree = "<group>";
		};
		7DC203ED2164C4C6007D93B7 = {
			isa = PBXGroup;
			children = (
				7DC203F82164C4C6007D93B7 /* SuperCanvasView */,
				7DC203F72164C4C6007D93B7 /* Products */,
				91AB2DFD3BD7373371A1FECE /* Pods */,
				09208EC5813ECF2965829838 /* Frameworks */,
			);
			sourceTree = "<group>";
		};
		7DC203F72164C4C6007D93B7 /* Products */ = {
			isa = PBXGroup;
			children = (
				7DC203F62164C4C6007D93B7 /* SuperCanvasView.app */,
			);
			name = Products;
			sourceTree = "<group>";
		};
		7DC203F82164C4C6007D93B7 /* SuperCanvasView */ = {
			isa = PBXGroup;
			children = (
				FF1A4DE62168AFAC003F8BBD /* Home */,
				FF53851D216659DA000D840C /* ViewCapture */,
				7DC2040D2164C55A007D93B7 /* CanvasView */,
				7DC203F92164C4C6007D93B7 /* AppDelegate.swift */,
				7DC204002164C4C8007D93B7 /* Assets.xcassets */,
				7DC204022164C4C8007D93B7 /* LaunchScreen.storyboard */,
				7DC204052164C4C8007D93B7 /* Info.plist */,
				7DC204162164D0B4007D93B7 /* CanvasCell.swift */,
			);
			path = SuperCanvasView;
			sourceTree = "<group>";
		};
		7DC2040D2164C55A007D93B7 /* CanvasView */ = {
			isa = PBXGroup;
			children = (
				7DC2040E2164C570007D93B7 /* CanvasView.swift */,
				7DC204102164C5A0007D93B7 /* Line.swift */,
				7DC204122164C671007D93B7 /* UIBezierPath+extensions.swift */,
				FF1A4DDE216666F4003F8BBD /* PDFPage.swift */,
			);
			path = CanvasView;
			sourceTree = "<group>";
		};
		91AB2DFD3BD7373371A1FECE /* Pods */ = {
			isa = PBXGroup;
			children = (
				5D0A1C39A2E4617ADDD11B16 /* Pods-SuperCanvasView.debug.xcconfig */,
				6ECE9AAC46BC542E347C69DA /* Pods-SuperCanvasView.release.xcconfig */,
			);
			name = Pods;
			sourceTree = "<group>";
		};
		FF1A4DE62168AFAC003F8BBD /* Home */ = {
			isa = PBXGroup;
			children = (
				FF1A4DE92168B00D003F8BBD /* Model */,
				FF1A4DE82168B003003F8BBD /* ViewModel */,
				FF1A4DE72168AFC4003F8BBD /* View */,
			);
			path = Home;
			sourceTree = "<group>";
		};
		FF1A4DE72168AFC4003F8BBD /* View */ = {
			isa = PBXGroup;
			children = (
				FF1A4DEA2168B032003F8BBD /* Cell */,
				7DC2040B2164C4E8007D93B7 /* HomeViewController.swift */,
				7DFEBCFE216A2643000DB559 /* ASHomeViewController.swift */,
			);
			path = View;
			sourceTree = "<group>";
		};
		FF1A4DE82168B003003F8BBD /* ViewModel */ = {
			isa = PBXGroup;
			children = (
				FF1A4DE02168821B003F8BBD /* HomeViewModel.swift */,
			);
			path = ViewModel;
			sourceTree = "<group>";
		};
		FF1A4DE92168B00D003F8BBD /* Model */ = {
			isa = PBXGroup;
			children = (
				FF1A4DE221688373003F8BBD /* ConsultationPageSection.swift */,
				FF1A4DEF2168CA37003F8BBD /* ConsultationRow.swift */,
				FF1A4DF12168CA47003F8BBD /* MedicalSection.swift */,
			);
			path = Model;
			sourceTree = "<group>";
		};
		FF1A4DEA2168B032003F8BBD /* Cell */ = {
			isa = PBXGroup;
			children = (
				FF1A4DED2168B04E003F8BBD /* MedicalTermRowCell.swift */,
				7DFEBD00216A28F7000DB559 /* ASMedicalTermCellNode.swift */,
			);
			path = Cell;
			sourceTree = "<group>";
		};
		FF53851D216659DA000D840C /* ViewCapture */ = {
			isa = PBXGroup;
			children = (
				FF53851E216659F4000D840C /* UIScrollView+Capture.swift */,
				FF53852021665A1F000D840C /* UIView+Capture.swift */,
				FF53852221665A3E000D840C /* WKWebView+Capture.swift */,
			);
			path = ViewCapture;
			sourceTree = "<group>";
		};
/* End PBXGroup section */

/* Begin PBXNativeTarget section */
		7DC203F52164C4C6007D93B7 /* SuperCanvasView */ = {
			isa = PBXNativeTarget;
			buildConfigurationList = 7DC204082164C4C8007D93B7 /* Build configuration list for PBXNativeTarget "SuperCanvasView" */;
			buildPhases = (
				1286AC262D5518153FB706E4 /* [CP] Check Pods Manifest.lock */,
				7DC203F22164C4C6007D93B7 /* Sources */,
				7DC203F32164C4C6007D93B7 /* Frameworks */,
				7DC203F42164C4C6007D93B7 /* Resources */,
				233EE57E174357F9FC8C905C /* [CP] Embed Pods Frameworks */,
			);
			buildRules = (
			);
			dependencies = (
			);
			name = SuperCanvasView;
			productName = SuperCanvasView;
			productReference = 7DC203F62164C4C6007D93B7 /* SuperCanvasView.app */;
			productType = "com.apple.product-type.application";
		};
/* End PBXNativeTarget section */

/* Begin PBXProject section */
		7DC203EE2164C4C6007D93B7 /* Project object */ = {
			isa = PBXProject;
			attributes = {
				LastSwiftUpdateCheck = 0940;
				LastUpgradeCheck = 0940;
				ORGANIZATIONNAME = "Sourav Chandra";
				TargetAttributes = {
					7DC203F52164C4C6007D93B7 = {
						CreatedOnToolsVersion = 9.4.1;
					};
				};
			};
			buildConfigurationList = 7DC203F12164C4C6007D93B7 /* Build configuration list for PBXProject "SuperCanvasView" */;
			compatibilityVersion = "Xcode 9.3";
			developmentRegion = en;
			hasScannedForEncodings = 0;
			knownRegions = (
				en,
				Base,
			);
			mainGroup = 7DC203ED2164C4C6007D93B7;
			productRefGroup = 7DC203F72164C4C6007D93B7 /* Products */;
			projectDirPath = "";
			projectRoot = "";
			targets = (
				7DC203F52164C4C6007D93B7 /* SuperCanvasView */,
			);
		};
/* End PBXProject section */

/* Begin PBXResourcesBuildPhase section */
		7DC203F42164C4C6007D93B7 /* Resources */ = {
			isa = PBXResourcesBuildPhase;
			buildActionMask = 2147483647;
			files = (
				7DC204042164C4C8007D93B7 /* LaunchScreen.storyboard in Resources */,
				7DC204012164C4C8007D93B7 /* Assets.xcassets in Resources */,
			);
			runOnlyForDeploymentPostprocessing = 0;
		};
/* End PBXResourcesBuildPhase section */

/* Begin PBXShellScriptBuildPhase section */
		1286AC262D5518153FB706E4 /* [CP] Check Pods Manifest.lock */ = {
			isa = PBXShellScriptBuildPhase;
			buildActionMask = 2147483647;
			files = (
			);
			inputPaths = (
				"${PODS_PODFILE_DIR_PATH}/Podfile.lock",
				"${PODS_ROOT}/Manifest.lock",
			);
			name = "[CP] Check Pods Manifest.lock";
			outputPaths = (
				"$(DERIVED_FILE_DIR)/Pods-SuperCanvasView-checkManifestLockResult.txt",
			);
			runOnlyForDeploymentPostprocessing = 0;
			shellPath = /bin/sh;
			shellScript = "diff \"${PODS_PODFILE_DIR_PATH}/Podfile.lock\" \"${PODS_ROOT}/Manifest.lock\" > /dev/null\nif [ $? != 0 ] ; then\n    # print error to STDERR\n    echo \"error: The sandbox is not in sync with the Podfile.lock. Run 'pod install' or update your CocoaPods installation.\" >&2\n    exit 1\nfi\n# This output is used by Xcode 'outputs' to avoid re-running this script phase.\necho \"SUCCESS\" > \"${SCRIPT_OUTPUT_FILE_0}\"\n";
			showEnvVarsInLog = 0;
		};
		233EE57E174357F9FC8C905C /* [CP] Embed Pods Frameworks */ = {
			isa = PBXShellScriptBuildPhase;
			buildActionMask = 2147483647;
			files = (
			);
			inputPaths = (
				"${SRCROOT}/Pods/Target Support Files/Pods-SuperCanvasView/Pods-SuperCanvasView-frameworks.sh",
				"${BUILT_PRODUCTS_DIR}/Differentiator/Differentiator.framework",
				"${BUILT_PRODUCTS_DIR}/PINCache/PINCache.framework",
				"${BUILT_PRODUCTS_DIR}/PINOperation/PINOperation.framework",
				"${BUILT_PRODUCTS_DIR}/PINRemoteImage/PINRemoteImage.framework",
				"${BUILT_PRODUCTS_DIR}/ReactorKit/ReactorKit.framework",
				"${BUILT_PRODUCTS_DIR}/Reusable/Reusable.framework",
				"${BUILT_PRODUCTS_DIR}/RxCocoa/RxCocoa.framework",
				"${BUILT_PRODUCTS_DIR}/RxDataSources/RxDataSources.framework",
				"${BUILT_PRODUCTS_DIR}/RxSwift/RxSwift.framework",
				"${BUILT_PRODUCTS_DIR}/RxSwiftExt/RxSwiftExt.framework",
				"${BUILT_PRODUCTS_DIR}/RxViewController/RxViewController.framework",
				"${BUILT_PRODUCTS_DIR}/SnapKit/SnapKit.framework",
				"${BUILT_PRODUCTS_DIR}/Texture/AsyncDisplayKit.framework",
				"${BUILT_PRODUCTS_DIR}/Then/Then.framework",
			);
			name = "[CP] Embed Pods Frameworks";
			outputPaths = (
				"${TARGET_BUILD_DIR}/${FRAMEWORKS_FOLDER_PATH}/Differentiator.framework",
				"${TARGET_BUILD_DIR}/${FRAMEWORKS_FOLDER_PATH}/PINCache.framework",
				"${TARGET_BUILD_DIR}/${FRAMEWORKS_FOLDER_PATH}/PINOperation.framework",
				"${TARGET_BUILD_DIR}/${FRAMEWORKS_FOLDER_PATH}/PINRemoteImage.framework",
				"${TARGET_BUILD_DIR}/${FRAMEWORKS_FOLDER_PATH}/ReactorKit.framework",
				"${TARGET_BUILD_DIR}/${FRAMEWORKS_FOLDER_PATH}/Reusable.framework",
				"${TARGET_BUILD_DIR}/${FRAMEWORKS_FOLDER_PATH}/RxCocoa.framework",
				"${TARGET_BUILD_DIR}/${FRAMEWORKS_FOLDER_PATH}/RxDataSources.framework",
				"${TARGET_BUILD_DIR}/${FRAMEWORKS_FOLDER_PATH}/RxSwift.framework",
				"${TARGET_BUILD_DIR}/${FRAMEWORKS_FOLDER_PATH}/RxSwiftExt.framework",
				"${TARGET_BUILD_DIR}/${FRAMEWORKS_FOLDER_PATH}/RxViewController.framework",
				"${TARGET_BUILD_DIR}/${FRAMEWORKS_FOLDER_PATH}/SnapKit.framework",
				"${TARGET_BUILD_DIR}/${FRAMEWORKS_FOLDER_PATH}/AsyncDisplayKit.framework",
				"${TARGET_BUILD_DIR}/${FRAMEWORKS_FOLDER_PATH}/Then.framework",
			);
			runOnlyForDeploymentPostprocessing = 0;
			shellPath = /bin/sh;
			shellScript = "\"${SRCROOT}/Pods/Target Support Files/Pods-SuperCanvasView/Pods-SuperCanvasView-frameworks.sh\"\n";
			showEnvVarsInLog = 0;
		};
/* End PBXShellScriptBuildPhase section */

/* Begin PBXSourcesBuildPhase section */
		7DC203F22164C4C6007D93B7 /* Sources */ = {
			isa = PBXSourcesBuildPhase;
			buildActionMask = 2147483647;
			files = (
				FF1A4DE321688373003F8BBD /* ConsultationPageSection.swift in Sources */,
				7DFEBCFF216A2643000DB559 /* ASHomeViewController.swift in Sources */,
				7DC203FA2164C4C6007D93B7 /* AppDelegate.swift in Sources */,
				FF1A4DF22168CA47003F8BBD /* MedicalSection.swift in Sources */,
				FF1A4DEE2168B04E003F8BBD /* MedicalTermRowCell.swift in Sources */,
				FF1A4DE12168821B003F8BBD /* HomeViewModel.swift in Sources */,
				7DC204112164C5A0007D93B7 /* Line.swift in Sources */,
				7DC2040C2164C4E8007D93B7 /* HomeViewController.swift in Sources */,
				7DFEBD01216A28F7000DB559 /* ASMedicalTermCellNode.swift in Sources */,
				7DC204172164D0B4007D93B7 /* CanvasCell.swift in Sources */,
				FF53852321665A3E000D840C /* WKWebView+Capture.swift in Sources */,
				FF53851F216659F4000D840C /* UIScrollView+Capture.swift in Sources */,
				7DC2040F2164C570007D93B7 /* CanvasView.swift in Sources */,
				7DC204132164C671007D93B7 /* UIBezierPath+extensions.swift in Sources */,
				FF1A4DF02168CA37003F8BBD /* ConsultationRow.swift in Sources */,
				FF53852121665A1F000D840C /* UIView+Capture.swift in Sources */,
				FF1A4DDF216666F4003F8BBD /* PDFPage.swift in Sources */,
			);
			runOnlyForDeploymentPostprocessing = 0;
		};
/* End PBXSourcesBuildPhase section */

/* Begin PBXVariantGroup section */
		7DC204022164C4C8007D93B7 /* LaunchScreen.storyboard */ = {
			isa = PBXVariantGroup;
			children = (
				7DC204032164C4C8007D93B7 /* Base */,
			);
			name = LaunchScreen.storyboard;
			sourceTree = "<group>";
		};
/* End PBXVariantGroup section */

/* Begin XCBuildConfiguration section */
		7DC204062164C4C8007D93B7 /* Debug */ = {
			isa = XCBuildConfiguration;
			buildSettings = {
				ALWAYS_SEARCH_USER_PATHS = NO;
				CLANG_ANALYZER_NONNULL = YES;
				CLANG_ANALYZER_NUMBER_OBJECT_CONVERSION = YES_AGGRESSIVE;
				CLANG_CXX_LANGUAGE_STANDARD = "gnu++14";
				CLANG_CXX_LIBRARY = "libc++";
				CLANG_ENABLE_MODULES = YES;
				CLANG_ENABLE_OBJC_ARC = YES;
				CLANG_ENABLE_OBJC_WEAK = YES;
				CLANG_WARN_BLOCK_CAPTURE_AUTORELEASING = YES;
				CLANG_WARN_BOOL_CONVERSION = YES;
				CLANG_WARN_COMMA = YES;
				CLANG_WARN_CONSTANT_CONVERSION = YES;
				CLANG_WARN_DEPRECATED_OBJC_IMPLEMENTATIONS = YES;
				CLANG_WARN_DIRECT_OBJC_ISA_USAGE = YES_ERROR;
				CLANG_WARN_DOCUMENTATION_COMMENTS = YES;
				CLANG_WARN_EMPTY_BODY = YES;
				CLANG_WARN_ENUM_CONVERSION = YES;
				CLANG_WARN_INFINITE_RECURSION = YES;
				CLANG_WARN_INT_CONVERSION = YES;
				CLANG_WARN_NON_LITERAL_NULL_CONVERSION = YES;
				CLANG_WARN_OBJC_IMPLICIT_RETAIN_SELF = YES;
				CLANG_WARN_OBJC_LITERAL_CONVERSION = YES;
				CLANG_WARN_OBJC_ROOT_CLASS = YES_ERROR;
				CLANG_WARN_RANGE_LOOP_ANALYSIS = YES;
				CLANG_WARN_STRICT_PROTOTYPES = YES;
				CLANG_WARN_SUSPICIOUS_MOVE = YES;
				CLANG_WARN_UNGUARDED_AVAILABILITY = YES_AGGRESSIVE;
				CLANG_WARN_UNREACHABLE_CODE = YES;
				CLANG_WARN__DUPLICATE_METHOD_MATCH = YES;
				CODE_SIGN_IDENTITY = "iPhone Developer";
				COPY_PHASE_STRIP = NO;
				DEBUG_INFORMATION_FORMAT = dwarf;
				ENABLE_STRICT_OBJC_MSGSEND = YES;
				ENABLE_TESTABILITY = YES;
				GCC_C_LANGUAGE_STANDARD = gnu11;
				GCC_DYNAMIC_NO_PIC = NO;
				GCC_NO_COMMON_BLOCKS = YES;
				GCC_OPTIMIZATION_LEVEL = 0;
				GCC_PREPROCESSOR_DEFINITIONS = (
					"DEBUG=1",
					"$(inherited)",
				);
				GCC_WARN_64_TO_32_BIT_CONVERSION = YES;
				GCC_WARN_ABOUT_RETURN_TYPE = YES_ERROR;
				GCC_WARN_UNDECLARED_SELECTOR = YES;
				GCC_WARN_UNINITIALIZED_AUTOS = YES_AGGRESSIVE;
				GCC_WARN_UNUSED_FUNCTION = YES;
				GCC_WARN_UNUSED_VARIABLE = YES;
				IPHONEOS_DEPLOYMENT_TARGET = 11.4;
				MTL_ENABLE_DEBUG_INFO = YES;
				ONLY_ACTIVE_ARCH = YES;
				SDKROOT = iphoneos;
				SWIFT_ACTIVE_COMPILATION_CONDITIONS = DEBUG;
				SWIFT_OPTIMIZATION_LEVEL = "-Onone";
			};
			name = Debug;
		};
		7DC204072164C4C8007D93B7 /* Release */ = {
			isa = XCBuildConfiguration;
			buildSettings = {
				ALWAYS_SEARCH_USER_PATHS = NO;
				CLANG_ANALYZER_NONNULL = YES;
				CLANG_ANALYZER_NUMBER_OBJECT_CONVERSION = YES_AGGRESSIVE;
				CLANG_CXX_LANGUAGE_STANDARD = "gnu++14";
				CLANG_CXX_LIBRARY = "libc++";
				CLANG_ENABLE_MODULES = YES;
				CLANG_ENABLE_OBJC_ARC = YES;
				CLANG_ENABLE_OBJC_WEAK = YES;
				CLANG_WARN_BLOCK_CAPTURE_AUTORELEASING = YES;
				CLANG_WARN_BOOL_CONVERSION = YES;
				CLANG_WARN_COMMA = YES;
				CLANG_WARN_CONSTANT_CONVERSION = YES;
				CLANG_WARN_DEPRECATED_OBJC_IMPLEMENTATIONS = YES;
				CLANG_WARN_DIRECT_OBJC_ISA_USAGE = YES_ERROR;
				CLANG_WARN_DOCUMENTATION_COMMENTS = YES;
				CLANG_WARN_EMPTY_BODY = YES;
				CLANG_WARN_ENUM_CONVERSION = YES;
				CLANG_WARN_INFINITE_RECURSION = YES;
				CLANG_WARN_INT_CONVERSION = YES;
				CLANG_WARN_NON_LITERAL_NULL_CONVERSION = YES;
				CLANG_WARN_OBJC_IMPLICIT_RETAIN_SELF = YES;
				CLANG_WARN_OBJC_LITERAL_CONVERSION = YES;
				CLANG_WARN_OBJC_ROOT_CLASS = YES_ERROR;
				CLANG_WARN_RANGE_LOOP_ANALYSIS = YES;
				CLANG_WARN_STRICT_PROTOTYPES = YES;
				CLANG_WARN_SUSPICIOUS_MOVE = YES;
				CLANG_WARN_UNGUARDED_AVAILABILITY = YES_AGGRESSIVE;
				CLANG_WARN_UNREACHABLE_CODE = YES;
				CLANG_WARN__DUPLICATE_METHOD_MATCH = YES;
				CODE_SIGN_IDENTITY = "iPhone Developer";
				COPY_PHASE_STRIP = NO;
				DEBUG_INFORMATION_FORMAT = "dwarf-with-dsym";
				ENABLE_NS_ASSERTIONS = NO;
				ENABLE_STRICT_OBJC_MSGSEND = YES;
				GCC_C_LANGUAGE_STANDARD = gnu11;
				GCC_NO_COMMON_BLOCKS = YES;
				GCC_WARN_64_TO_32_BIT_CONVERSION = YES;
				GCC_WARN_ABOUT_RETURN_TYPE = YES_ERROR;
				GCC_WARN_UNDECLARED_SELECTOR = YES;
				GCC_WARN_UNINITIALIZED_AUTOS = YES_AGGRESSIVE;
				GCC_WARN_UNUSED_FUNCTION = YES;
				GCC_WARN_UNUSED_VARIABLE = YES;
				IPHONEOS_DEPLOYMENT_TARGET = 11.4;
				MTL_ENABLE_DEBUG_INFO = NO;
				SDKROOT = iphoneos;
				SWIFT_COMPILATION_MODE = wholemodule;
				SWIFT_OPTIMIZATION_LEVEL = "-O";
				VALIDATE_PRODUCT = YES;
			};
			name = Release;
		};
		7DC204092164C4C8007D93B7 /* Debug */ = {
			isa = XCBuildConfiguration;
			baseConfigurationReference = 5D0A1C39A2E4617ADDD11B16 /* Pods-SuperCanvasView.debug.xcconfig */;
			buildSettings = {
				ASSETCATALOG_COMPILER_APPICON_NAME = AppIcon;
				CODE_SIGN_STYLE = Automatic;
				DEVELOPMENT_TEAM = 39X2W7W8G7;
				INFOPLIST_FILE = SuperCanvasView/Info.plist;
				LD_RUNPATH_SEARCH_PATHS = (
					"$(inherited)",
					"@executable_path/Frameworks",
				);
				PRODUCT_BUNDLE_IDENTIFIER = com.doctalk.SuperCanvasView2;
				PRODUCT_MODULE_NAME = "$(PRODUCT_NAME:c99extidentifier)";
				PRODUCT_NAME = "$(TARGET_NAME)";
				SWIFT_VERSION = 4.0;
				TARGETED_DEVICE_FAMILY = "1,2";
			};
			name = Debug;
		};
		7DC2040A2164C4C8007D93B7 /* Release */ = {
			isa = XCBuildConfiguration;
			baseConfigurationReference = 6ECE9AAC46BC542E347C69DA /* Pods-SuperCanvasView.release.xcconfig */;
			buildSettings = {
				ASSETCATALOG_COMPILER_APPICON_NAME = AppIcon;
				CODE_SIGN_STYLE = Automatic;
				DEVELOPMENT_TEAM = 39X2W7W8G7;
				INFOPLIST_FILE = SuperCanvasView/Info.plist;
				LD_RUNPATH_SEARCH_PATHS = (
					"$(inherited)",
					"@executable_path/Frameworks",
				);
				PRODUCT_BUNDLE_IDENTIFIER = com.doctalk.SuperCanvasView2;
				PRODUCT_MODULE_NAME = "$(PRODUCT_NAME:c99extidentifier)";
				PRODUCT_NAME = "$(TARGET_NAME)";
				SWIFT_VERSION = 4.0;
				TARGETED_DEVICE_FAMILY = "1,2";
			};
			name = Release;
		};
/* End XCBuildConfiguration section */

/* Begin XCConfigurationList section */
		7DC203F12164C4C6007D93B7 /* Build configuration list for PBXProject "SuperCanvasView" */ = {
			isa = XCConfigurationList;
			buildConfigurations = (
				7DC204062164C4C8007D93B7 /* Debug */,
				7DC204072164C4C8007D93B7 /* Release */,
			);
			defaultConfigurationIsVisible = 0;
			defaultConfigurationName = Release;
		};
		7DC204082164C4C8007D93B7 /* Build configuration list for PBXNativeTarget "SuperCanvasView" */ = {
			isa = XCConfigurationList;
			buildConfigurations = (
				7DC204092164C4C8007D93B7 /* Debug */,
				7DC2040A2164C4C8007D93B7 /* Release */,
			);
			defaultConfigurationIsVisible = 0;
			defaultConfigurationName = Release;
		};
/* End XCConfigurationList section */
	};
	rootObject = 7DC203EE2164C4C6007D93B7 /* Project object */;
}
